
Microsoft Visual Studio Solution File, Format Version 12.00
# Visual Studio 15
VisualStudioVersion = 15.0.27130.2020
MinimumVisualStudioVersion = 10.0.40219.1
Project("{FAE04EC0-301F-11D3-BF4B-00C04F79EFBC}") = "Count of Occurrences", "Count of Occurrences\Count of Occurrences.csproj", "{71F80EEE-8801-48CD-A3E1-CF444E90C268}"
EndProject
Global
	GlobalSection(SolutionConfigurationPlatforms) = preSolution
		Debug|Any CPU = Debug|Any CPU
		Release|Any CPU = Release|Any CPU
	EndGlobalSection
	GlobalSection(ProjectConfigurationPlatforms) = postSolution
		{71F80EEE-8801-48CD-A3E1-CF444E90C268}.Debug|Any CPU.ActiveCfg = Debug|Any CPU
		{71F80EEE-8801-48CD-A3E1-CF444E90C268}.Debug|Any CPU.Build.0 = Debug|Any CPU
		{71F80EEE-8801-48CD-A3E1-CF444E90C268}.Release|Any CPU.ActiveCfg = Release|Any CPU
		{71F80EEE-8801-48CD-A3E1-CF444E90C268}.Release|Any CPU.Build.0 = Release|Any CPU
	EndGlobalSection
	GlobalSection(SolutionProperties) = preSolution
		HideSolutionNode = FALSE
	EndGlobalSection
	GlobalSection(ExtensibilityGlobals) = postSolution
		SolutionGuid = {BD85FB9B-811A-4958-A9CA-416286DAB4B3}
	EndGlobalSection
EndGlobal
