
Microsoft Visual Studio Solution File, Format Version 12.00
# Visual Studio 15
VisualStudioVersion = 15.0.27130.2020
MinimumVisualStudioVersion = 10.0.40219.1
Project("{FAE04EC0-301F-11D3-BF4B-00C04F79EFBC}") = "Reversed List", "Reversed List\Reversed List.csproj", "{5770BEDE-E778-4E0B-9874-1CF773BE02F4}"
EndProject
Global
	GlobalSection(SolutionConfigurationPlatforms) = preSolution
		Debug|Any CPU = Debug|Any CPU
		Release|Any CPU = Release|Any CPU
	EndGlobalSection
	GlobalSection(ProjectConfigurationPlatforms) = postSolution
		{5770BEDE-E778-4E0B-9874-1CF773BE02F4}.Debug|Any CPU.ActiveCfg = Debug|Any CPU
		{5770BEDE-E778-4E0B-9874-1CF773BE02F4}.Debug|Any CPU.Build.0 = Debug|Any CPU
		{5770BEDE-E778-4E0B-9874-1CF773BE02F4}.Release|Any CPU.ActiveCfg = Release|Any CPU
		{5770BEDE-E778-4E0B-9874-1CF773BE02F4}.Release|Any CPU.Build.0 = Release|Any CPU
	EndGlobalSection
	GlobalSection(SolutionProperties) = preSolution
		HideSolutionNode = FALSE
	EndGlobalSection
	GlobalSection(ExtensibilityGlobals) = postSolution
		SolutionGuid = {3E8D65DF-FE36-4463-949B-1E1FFEDDD8DE}
	EndGlobalSection
EndGlobal
